# THIS IS AN AUTOGENERATED FILE. DO NOT EDIT THIS FILE DIRECTLY.
# yarn lockfile v1


"@types/google-apps-script@^1.0.78":
  version "1.0.78"
  resolved "https://registry.yarnpkg.com/@types/google-apps-script/-/google-apps-script-1.0.78.tgz#4ba09b538d19582ac031d5cd1294794c7a6aba07"
  integrity sha512-JOTy4vjBQ+HfdtJMkfcNF5WM8RC3R6SVp90bd8BCFvNWSaQ7zzP3abOLuJSCwQHjt0hWftofckvhwEcZjZ4hcQ==
